# This file is automatically @generated by Cargo.
# It is not intended for manual editing.
version = 3

[[package]]
name = "config"
version = "0.1.0"
dependencies = [
 "net",
]

[[package]]
name = "gosub"
version = "0.1.0"
dependencies = [
 "config",
 "net",
]

[[package]]
name = "net"
version = "0.1.0"
