# This file is automatically @generated by Cargo.
# It is not intended for manual editing.
version = 3

[[package]]
name = "gosub-engine"
version = "0.1.0"
dependencies = [
 "gosub_config",
 "gosub_net",
 "gosub_shared",
]

[[package]]
name = "gosub_config"
version = "0.1.0"
dependencies = [
 "gosub_net",
 "gosub_shared",
]

[[package]]
name = "gosub_net"
version = "0.1.0"
dependencies = [
 "gosub_shared",
]

[[package]]
name = "gosub_shared"
version = "0.1.0"
